
Microsoft Visual Studio Solution File, Format Version 12.00
# Visual Studio Version 16
VisualStudioVersion = 16.0.29123.88
MinimumVisualStudioVersion = 10.0.40219.1
Project("{FAE04EC0-301F-11D3-BF4B-00C04F79EFBC}") = "Binding", "Binding\Binding.csproj", "{A0EA91F1-AB60-4C63-955E-A2CF79EE0E8B}"
EndProject
Global
	GlobalSection(SolutionConfigurationPlatforms) = preSolution
		Debug|Any CPU = Debug|Any CPU
		Release|Any CPU = Release|Any CPU
	EndGlobalSection
	GlobalSection(ProjectConfigurationPlatforms) = postSolution
		{A0EA91F1-AB60-4C63-955E-A2CF79EE0E8B}.Debug|Any CPU.ActiveCfg = Debug|Any CPU
		{A0EA91F1-AB60-4C63-955E-A2CF79EE0E8B}.Debug|Any CPU.Build.0 = Debug|Any CPU
		{A0EA91F1-AB60-4C63-955E-A2CF79EE0E8B}.Release|Any CPU.ActiveCfg = Release|Any CPU
		{A0EA91F1-AB60-4C63-955E-A2CF79EE0E8B}.Release|Any CPU.Build.0 = Release|Any CPU
	EndGlobalSection
	GlobalSection(SolutionProperties) = preSolution
		HideSolutionNode = FALSE
	EndGlobalSection
	GlobalSection(ExtensibilityGlobals) = postSolution
		SolutionGuid = {818BB4D1-1933-4FEF-AD88-C8EADC5957E1}
	EndGlobalSection
EndGlobal
